
Microsoft Visual Studio Solution File, Format Version 12.00
# Visual Studio Version 17
VisualStudioVersion = 17.0.31825.309
MinimumVisualStudioVersion = 10.0.40219.1
Project("{FAE04EC0-301F-11D3-BF4B-00C04F79EFBC}") = "01_introduction", "01_introduction\01_introduction.csproj", "{74AD9170-5767-4616-BC63-4FF3461356DB}"
EndProject
Project("{FAE04EC0-301F-11D3-BF4B-00C04F79EFBC}") = "02_Color_Systems", "02_Color_Systems\02_Color_Systems.csproj", "{9D3A8A9F-ABB2-47B0-9036-80436B16B71F}"
EndProject
Project("{FAE04EC0-301F-11D3-BF4B-00C04F79EFBC}") = "03_Images", "03_Images\03_Images.csproj", "{C9BAD6E1-181D-44A3-8909-979E30ECA328}"
EndProject
Project("{FAE04EC0-301F-11D3-BF4B-00C04F79EFBC}") = "04_Audio", "04_Audio\04_Audio.csproj", "{5C59E46F-F31A-409C-A52D-3783640357CC}"
EndProject
Project("{FAE04EC0-301F-11D3-BF4B-00C04F79EFBC}") = "05_Fourier_Transformations", "05_Fourier_Transformations\05_Fourier_Transformations.csproj", "{94D05F75-1AC4-45FA-A740-1812909591ED}"
EndProject
Project("{FAE04EC0-301F-11D3-BF4B-00C04F79EFBC}") = "06_Data_Compression", "06_Data_Compression\06_Data_Compression.csproj", "{0E070600-B587-45CD-8826-9B1E488B95CD}"
EndProject
Project("{FAE04EC0-301F-11D3-BF4B-00C04F79EFBC}") = "07_Video", "07_Video\07_Video.csproj", "{4AB88835-0A6B-4219-9158-0B107B4F2AAC}"
EndProject
Global
	GlobalSection(SolutionConfigurationPlatforms) = preSolution
		Debug|Any CPU = Debug|Any CPU
		Release|Any CPU = Release|Any CPU
	EndGlobalSection
	GlobalSection(ProjectConfigurationPlatforms) = postSolution
		{74AD9170-5767-4616-BC63-4FF3461356DB}.Debug|Any CPU.ActiveCfg = Debug|Any CPU
		{74AD9170-5767-4616-BC63-4FF3461356DB}.Debug|Any CPU.Build.0 = Debug|Any CPU
		{74AD9170-5767-4616-BC63-4FF3461356DB}.Release|Any CPU.ActiveCfg = Release|Any CPU
		{74AD9170-5767-4616-BC63-4FF3461356DB}.Release|Any CPU.Build.0 = Release|Any CPU
		{9D3A8A9F-ABB2-47B0-9036-80436B16B71F}.Debug|Any CPU.ActiveCfg = Debug|Any CPU
		{9D3A8A9F-ABB2-47B0-9036-80436B16B71F}.Debug|Any CPU.Build.0 = Debug|Any CPU
		{9D3A8A9F-ABB2-47B0-9036-80436B16B71F}.Release|Any CPU.ActiveCfg = Release|Any CPU
		{9D3A8A9F-ABB2-47B0-9036-80436B16B71F}.Release|Any CPU.Build.0 = Release|Any CPU
		{C9BAD6E1-181D-44A3-8909-979E30ECA328}.Debug|Any CPU.ActiveCfg = Debug|Any CPU
		{C9BAD6E1-181D-44A3-8909-979E30ECA328}.Debug|Any CPU.Build.0 = Debug|Any CPU
		{C9BAD6E1-181D-44A3-8909-979E30ECA328}.Release|Any CPU.ActiveCfg = Release|Any CPU
		{C9BAD6E1-181D-44A3-8909-979E30ECA328}.Release|Any CPU.Build.0 = Release|Any CPU
		{5C59E46F-F31A-409C-A52D-3783640357CC}.Debug|Any CPU.ActiveCfg = Debug|Any CPU
		{5C59E46F-F31A-409C-A52D-3783640357CC}.Debug|Any CPU.Build.0 = Debug|Any CPU
		{5C59E46F-F31A-409C-A52D-3783640357CC}.Release|Any CPU.ActiveCfg = Release|Any CPU
		{5C59E46F-F31A-409C-A52D-3783640357CC}.Release|Any CPU.Build.0 = Release|Any CPU
		{94D05F75-1AC4-45FA-A740-1812909591ED}.Debug|Any CPU.ActiveCfg = Debug|Any CPU
		{94D05F75-1AC4-45FA-A740-1812909591ED}.Debug|Any CPU.Build.0 = Debug|Any CPU
		{94D05F75-1AC4-45FA-A740-1812909591ED}.Release|Any CPU.ActiveCfg = Release|Any CPU
		{94D05F75-1AC4-45FA-A740-1812909591ED}.Release|Any CPU.Build.0 = Release|Any CPU
		{0E070600-B587-45CD-8826-9B1E488B95CD}.Debug|Any CPU.ActiveCfg = Debug|Any CPU
		{0E070600-B587-45CD-8826-9B1E488B95CD}.Debug|Any CPU.Build.0 = Debug|Any CPU
		{0E070600-B587-45CD-8826-9B1E488B95CD}.Release|Any CPU.ActiveCfg = Release|Any CPU
		{0E070600-B587-45CD-8826-9B1E488B95CD}.Release|Any CPU.Build.0 = Release|Any CPU
		{4AB88835-0A6B-4219-9158-0B107B4F2AAC}.Debug|Any CPU.ActiveCfg = Debug|Any CPU
		{4AB88835-0A6B-4219-9158-0B107B4F2AAC}.Debug|Any CPU.Build.0 = Debug|Any CPU
		{4AB88835-0A6B-4219-9158-0B107B4F2AAC}.Release|Any CPU.ActiveCfg = Release|Any CPU
		{4AB88835-0A6B-4219-9158-0B107B4F2AAC}.Release|Any CPU.Build.0 = Release|Any CPU
	EndGlobalSection
	GlobalSection(SolutionProperties) = preSolution
		HideSolutionNode = FALSE
	EndGlobalSection
	GlobalSection(ExtensibilityGlobals) = postSolution
		SolutionGuid = {C99C99DD-8A93-47DD-A695-8E32B2A48AAD}
	EndGlobalSection
EndGlobal
